
Microsoft Visual Studio Solution File, Format Version 12.00
# Visual Studio Version 17
VisualStudioVersion = 17.12.35728.132
MinimumVisualStudioVersion = 10.0.40219.1
Project("{FAE04EC0-301F-11D3-BF4B-00C04F79EFBC}") = "bangna_hospital", "bangna_hospital\bangna_hospital.csproj", "{8A5250AA-38DF-4CF4-BB80-32E3B4FCCCBF}"
EndProject
Project("{FAE04EC0-301F-11D3-BF4B-00C04F79EFBC}") = "AutocompleteMenu", "..\AutocompleteMenu\AutocompleteMenu\AutocompleteMenu.csproj", "{43CBC9AA-6A8E-463F-83A9-AFF3124AFDB6}"
EndProject
Global
	GlobalSection(SolutionConfigurationPlatforms) = preSolution
		Debug|Any CPU = Debug|Any CPU
		Release|Any CPU = Release|Any CPU
	EndGlobalSection
	GlobalSection(ProjectConfigurationPlatforms) = postSolution
		{8A5250AA-38DF-4CF4-BB80-32E3B4FCCCBF}.Debug|Any CPU.ActiveCfg = Debug|Any CPU
		{8A5250AA-38DF-4CF4-BB80-32E3B4FCCCBF}.Debug|Any CPU.Build.0 = Debug|Any CPU
		{8A5250AA-38DF-4CF4-BB80-32E3B4FCCCBF}.Release|Any CPU.ActiveCfg = Release|Any CPU
		{8A5250AA-38DF-4CF4-BB80-32E3B4FCCCBF}.Release|Any CPU.Build.0 = Release|Any CPU
		{43CBC9AA-6A8E-463F-83A9-AFF3124AFDB6}.Debug|Any CPU.ActiveCfg = Debug|Any CPU
		{43CBC9AA-6A8E-463F-83A9-AFF3124AFDB6}.Debug|Any CPU.Build.0 = Debug|Any CPU
		{43CBC9AA-6A8E-463F-83A9-AFF3124AFDB6}.Release|Any CPU.ActiveCfg = Release|Any CPU
		{43CBC9AA-6A8E-463F-83A9-AFF3124AFDB6}.Release|Any CPU.Build.0 = Release|Any CPU
	EndGlobalSection
	GlobalSection(SolutionProperties) = preSolution
		HideSolutionNode = FALSE
	EndGlobalSection
	GlobalSection(ExtensibilityGlobals) = postSolution
		SolutionGuid = {5BA94B48-62EC-4BA1-8D50-C1B59F7D51EC}
	EndGlobalSection
EndGlobal
